
Microsoft Visual Studio Solution File, Format Version 12.00
# Visual Studio Version 16
VisualStudioVersion = 16.0.31613.86
MinimumVisualStudioVersion = 10.0.40219.1
Project("{FAE04EC0-301F-11D3-BF4B-00C04F79EFBC}") = "Web_oglasnik", "Web_oglasnik\Web_oglasnik.csproj", "{4371696C-1A67-4C48-85BE-AA59F966D405}"
EndProject
Global
	GlobalSection(SolutionConfigurationPlatforms) = preSolution
		Debug|Any CPU = Debug|Any CPU
		Release|Any CPU = Release|Any CPU
	EndGlobalSection
	GlobalSection(ProjectConfigurationPlatforms) = postSolution
		{4371696C-1A67-4C48-85BE-AA59F966D405}.Debug|Any CPU.ActiveCfg = Debug|Any CPU
		{4371696C-1A67-4C48-85BE-AA59F966D405}.Debug|Any CPU.Build.0 = Debug|Any CPU
		{4371696C-1A67-4C48-85BE-AA59F966D405}.Release|Any CPU.ActiveCfg = Release|Any CPU
		{4371696C-1A67-4C48-85BE-AA59F966D405}.Release|Any CPU.Build.0 = Release|Any CPU
	EndGlobalSection
	GlobalSection(SolutionProperties) = preSolution
		HideSolutionNode = FALSE
	EndGlobalSection
	GlobalSection(ExtensibilityGlobals) = postSolution
		SolutionGuid = {FB0D840F-1EE7-47A1-B923-211156A5D32C}
	EndGlobalSection
EndGlobal
